<Solution>
  <Project Path="BitolaCityEvents.API/BitolaCityEvents.API.csproj" />
  <Project Path="BitolaCityEvents.Application/BitolaCityEvents.Application.csproj" />
  <Project Path="BitolaCityEvents.Core/BitolaCityEvents.Core.csproj" />
  <Project Path="BitolaCityEvents.DataAccess/BitolaCityEvents.DataAccess.csproj" />
</Solution>
